
Microsoft Visual Studio Solution File, Format Version 12.00
# Visual Studio Version 17
VisualStudioVersion = 17.3.32922.545
MinimumVisualStudioVersion = 10.0.40219.1
Project("{FAE04EC0-301F-11D3-BF4B-00C04F79EFBC}") = "OdeToFood.Web", "OdeToFood.Web\OdeToFood.Web.csproj", "{9FD16BB4-54CD-4198-A3E0-D6F208CEC289}"
EndProject
Project("{FAE04EC0-301F-11D3-BF4B-00C04F79EFBC}") = "OdeToFood.Data", "OdeToFood.Data\OdeToFood.Data.csproj", "{26394098-AB35-4A35-B8C9-7E6675CEBD70}"
EndProject
Global
	GlobalSection(SolutionConfigurationPlatforms) = preSolution
		Debug|Any CPU = Debug|Any CPU
		Release|Any CPU = Release|Any CPU
	EndGlobalSection
	GlobalSection(ProjectConfigurationPlatforms) = postSolution
		{9FD16BB4-54CD-4198-A3E0-D6F208CEC289}.Debug|Any CPU.ActiveCfg = Debug|Any CPU
		{9FD16BB4-54CD-4198-A3E0-D6F208CEC289}.Debug|Any CPU.Build.0 = Debug|Any CPU
		{9FD16BB4-54CD-4198-A3E0-D6F208CEC289}.Release|Any CPU.ActiveCfg = Release|Any CPU
		{9FD16BB4-54CD-4198-A3E0-D6F208CEC289}.Release|Any CPU.Build.0 = Release|Any CPU
		{26394098-AB35-4A35-B8C9-7E6675CEBD70}.Debug|Any CPU.ActiveCfg = Debug|Any CPU
		{26394098-AB35-4A35-B8C9-7E6675CEBD70}.Debug|Any CPU.Build.0 = Debug|Any CPU
		{26394098-AB35-4A35-B8C9-7E6675CEBD70}.Release|Any CPU.ActiveCfg = Release|Any CPU
		{26394098-AB35-4A35-B8C9-7E6675CEBD70}.Release|Any CPU.Build.0 = Release|Any CPU
	EndGlobalSection
	GlobalSection(SolutionProperties) = preSolution
		HideSolutionNode = FALSE
	EndGlobalSection
	GlobalSection(ExtensibilityGlobals) = postSolution
		SolutionGuid = {86FBE5BD-501E-4742-86CA-122EA7A79F00}
	EndGlobalSection
EndGlobal
